
Microsoft Visual Studio Solution File, Format Version 12.00
# Visual Studio 15
Project("{FAE04EC0-301F-11D3-BF4B-00C04F79EFBC}") = "AppMetrica", "AppMetrica.csproj", "{99AEC0AA-DDCA-3E25-41AB-1F5D4C4910C2}"
EndProject
Project("{FAE04EC0-301F-11D3-BF4B-00C04F79EFBC}") = "spine-unity-editor", "spine-unity-editor.csproj", "{E89D0F77-6E46-8908-F34B-21A18078F9C5}"
EndProject
Project("{FAE04EC0-301F-11D3-BF4B-00C04F79EFBC}") = "Agava.SmsAuth", "Agava.SmsAuth.csproj", "{E3DC1CDA-70D5-F267-0B10-FB621F43FC83}"
EndProject
Project("{FAE04EC0-301F-11D3-BF4B-00C04F79EFBC}") = "spine-unity", "spine-unity.csproj", "{4DE6FB4F-0ED1-ADA7-74C8-0128FF4576D3}"
EndProject
Project("{FAE04EC0-301F-11D3-BF4B-00C04F79EFBC}") = "spine-csharp", "spine-csharp.csproj", "{00ADFCFD-1BE8-BB5E-FA61-F6CD65B9AB2B}"
EndProject
Project("{FAE04EC0-301F-11D3-BF4B-00C04F79EFBC}") = "LeanLocalization", "LeanLocalization.csproj", "{6C3A2EB6-D28B-0905-048C-F5C39715CFED}"
EndProject
Project("{FAE04EC0-301F-11D3-BF4B-00C04F79EFBC}") = "Agava.AdsAppView", "Agava.AdsAppView.csproj", "{6D28AAAC-8892-B730-42DA-D8895A17D4A0}"
EndProject
Project("{FAE04EC0-301F-11D3-BF4B-00C04F79EFBC}") = "CW.Common", "CW.Common.csproj", "{6E89EB97-9CCE-81DE-880C-6246C58EFADA}"
EndProject
Project("{FAE04EC0-301F-11D3-BF4B-00C04F79EFBC}") = "LeanCommon", "LeanCommon.csproj", "{18406C97-4628-CEAA-4C75-1D0CA6C84F4C}"
EndProject
Project("{FAE04EC0-301F-11D3-BF4B-00C04F79EFBC}") = "Agava.SmsAuthAPI", "Agava.SmsAuthAPI.csproj", "{C5F99DCC-576F-CC6D-CE6A-4152964C3F0E}"
EndProject
Project("{FAE04EC0-301F-11D3-BF4B-00C04F79EFBC}") = "Agava.AdsAppView.Tests", "Agava.AdsAppView.Tests.csproj", "{AD5AF00F-C126-4C75-C51E-95F194D34E9C}"
EndProject
Project("{FAE04EC0-301F-11D3-BF4B-00C04F79EFBC}") = "Assembly-CSharp", "Assembly-CSharp.csproj", "{81A2E56E-A187-4A98-9E4D-E7E71494A618}"
EndProject
Project("{FAE04EC0-301F-11D3-BF4B-00C04F79EFBC}") = "unity-webview", "unity-webview.csproj", "{7712B54A-B42B-5B96-CB4D-35B386D39A4F}"
EndProject
Project("{FAE04EC0-301F-11D3-BF4B-00C04F79EFBC}") = "LeanLocalization.TMP", "LeanLocalization.TMP.csproj", "{AE8C4628-8954-5940-4666-42ADEB68C9B5}"
EndProject
Project("{FAE04EC0-301F-11D3-BF4B-00C04F79EFBC}") = "LeanLocalizationEditor", "LeanLocalizationEditor.csproj", "{78FCDBA2-8848-0FBE-DC8B-FBF1287338A5}"
EndProject
Project("{FAE04EC0-301F-11D3-BF4B-00C04F79EFBC}") = "AppMetrica", "AppMetrica.Player.csproj", "{3CE8F872-F9E1-0CA6-B642-8EDF309CE5BD}"
EndProject
Project("{FAE04EC0-301F-11D3-BF4B-00C04F79EFBC}") = "Agava.SmsAuth", "Agava.SmsAuth.Player.csproj", "{5772EF8B-66A3-4E6E-44F0-553678AC1959}"
EndProject
Project("{FAE04EC0-301F-11D3-BF4B-00C04F79EFBC}") = "spine-unity", "spine-unity.Player.csproj", "{F4AA0A9E-5613-2EB9-3C89-5DED2637750B}"
EndProject
Project("{FAE04EC0-301F-11D3-BF4B-00C04F79EFBC}") = "spine-csharp", "spine-csharp.Player.csproj", "{9DF5DEE6-8F96-5546-8F45-40C69DB3D1C7}"
EndProject
Project("{FAE04EC0-301F-11D3-BF4B-00C04F79EFBC}") = "LeanLocalization", "LeanLocalization.Player.csproj", "{1C837B30-7C9F-8FC4-D47A-77AF0382AA3B}"
EndProject
Project("{FAE04EC0-301F-11D3-BF4B-00C04F79EFBC}") = "Agava.AdsAppView", "Agava.AdsAppView.Player.csproj", "{4815249A-C8E7-7E4D-5521-74B4DFB2BF29}"
EndProject
Project("{FAE04EC0-301F-11D3-BF4B-00C04F79EFBC}") = "CW.Common", "CW.Common.Player.csproj", "{9FA44C7F-C730-C3D5-2698-E02D6907118D}"
EndProject
Project("{FAE04EC0-301F-11D3-BF4B-00C04F79EFBC}") = "LeanCommon", "LeanCommon.Player.csproj", "{6E19B5D3-7EEB-3858-2031-BDDDD677C453}"
EndProject
Project("{FAE04EC0-301F-11D3-BF4B-00C04F79EFBC}") = "Agava.SmsAuthAPI", "Agava.SmsAuthAPI.Player.csproj", "{94E015A1-A1F7-B323-6991-3D4A7C40F7FE}"
EndProject
Project("{FAE04EC0-301F-11D3-BF4B-00C04F79EFBC}") = "Agava.AdsAppView.Tests", "Agava.AdsAppView.Tests.Player.csproj", "{BDA69C9E-D6CD-4F91-5E00-15CD5F44E228}"
EndProject
Project("{FAE04EC0-301F-11D3-BF4B-00C04F79EFBC}") = "Assembly-CSharp", "Assembly-CSharp.Player.csproj", "{4F608CD5-EB8E-4CDB-AC5C-4AD4E2F273FB}"
EndProject
Project("{FAE04EC0-301F-11D3-BF4B-00C04F79EFBC}") = "unity-webview", "unity-webview.Player.csproj", "{F61AA22B-B917-8D46-A3C9-63783B482AB8}"
EndProject
Project("{FAE04EC0-301F-11D3-BF4B-00C04F79EFBC}") = "LeanLocalization.TMP", "LeanLocalization.TMP.Player.csproj", "{98C31074-3CA5-CABF-62AB-97D1B4A80BCA}"
EndProject
Project("{FAE04EC0-301F-11D3-BF4B-00C04F79EFBC}") = "LeanLocalizationEditor", "LeanLocalizationEditor.Player.csproj", "{48C6D084-CBCB-0204-6425-08E6E0155FC8}"
EndProject
Global
	GlobalSection(SolutionConfigurationPlatforms) = preSolution
		Debug|Any CPU = Debug|Any CPU
		Release|Any CPU = Release|Any CPU
	EndGlobalSection
	GlobalSection(ProjectConfigurationPlatforms) = postSolution
		{99AEC0AA-DDCA-3E25-41AB-1F5D4C4910C2}.Debug|Any CPU.ActiveCfg = Debug|Any CPU
		{99AEC0AA-DDCA-3E25-41AB-1F5D4C4910C2}.Debug|Any CPU.Build.0 = Debug|Any CPU
		{99AEC0AA-DDCA-3E25-41AB-1F5D4C4910C2}.Release|Any CPU.ActiveCfg = Release|Any CPU
		{99AEC0AA-DDCA-3E25-41AB-1F5D4C4910C2}.Release|Any CPU.Build.0 = Release|Any CPU
		{E89D0F77-6E46-8908-F34B-21A18078F9C5}.Debug|Any CPU.ActiveCfg = Debug|Any CPU
		{E89D0F77-6E46-8908-F34B-21A18078F9C5}.Debug|Any CPU.Build.0 = Debug|Any CPU
		{E89D0F77-6E46-8908-F34B-21A18078F9C5}.Release|Any CPU.ActiveCfg = Release|Any CPU
		{E89D0F77-6E46-8908-F34B-21A18078F9C5}.Release|Any CPU.Build.0 = Release|Any CPU
		{E3DC1CDA-70D5-F267-0B10-FB621F43FC83}.Debug|Any CPU.ActiveCfg = Debug|Any CPU
		{E3DC1CDA-70D5-F267-0B10-FB621F43FC83}.Debug|Any CPU.Build.0 = Debug|Any CPU
		{E3DC1CDA-70D5-F267-0B10-FB621F43FC83}.Release|Any CPU.ActiveCfg = Release|Any CPU
		{E3DC1CDA-70D5-F267-0B10-FB621F43FC83}.Release|Any CPU.Build.0 = Release|Any CPU
		{4DE6FB4F-0ED1-ADA7-74C8-0128FF4576D3}.Debug|Any CPU.ActiveCfg = Debug|Any CPU
		{4DE6FB4F-0ED1-ADA7-74C8-0128FF4576D3}.Debug|Any CPU.Build.0 = Debug|Any CPU
		{4DE6FB4F-0ED1-ADA7-74C8-0128FF4576D3}.Release|Any CPU.ActiveCfg = Release|Any CPU
		{4DE6FB4F-0ED1-ADA7-74C8-0128FF4576D3}.Release|Any CPU.Build.0 = Release|Any CPU
		{00ADFCFD-1BE8-BB5E-FA61-F6CD65B9AB2B}.Debug|Any CPU.ActiveCfg = Debug|Any CPU
		{00ADFCFD-1BE8-BB5E-FA61-F6CD65B9AB2B}.Debug|Any CPU.Build.0 = Debug|Any CPU
		{00ADFCFD-1BE8-BB5E-FA61-F6CD65B9AB2B}.Release|Any CPU.ActiveCfg = Release|Any CPU
		{00ADFCFD-1BE8-BB5E-FA61-F6CD65B9AB2B}.Release|Any CPU.Build.0 = Release|Any CPU
		{6C3A2EB6-D28B-0905-048C-F5C39715CFED}.Debug|Any CPU.ActiveCfg = Debug|Any CPU
		{6C3A2EB6-D28B-0905-048C-F5C39715CFED}.Debug|Any CPU.Build.0 = Debug|Any CPU
		{6C3A2EB6-D28B-0905-048C-F5C39715CFED}.Release|Any CPU.ActiveCfg = Release|Any CPU
		{6C3A2EB6-D28B-0905-048C-F5C39715CFED}.Release|Any CPU.Build.0 = Release|Any CPU
		{6D28AAAC-8892-B730-42DA-D8895A17D4A0}.Debug|Any CPU.ActiveCfg = Debug|Any CPU
		{6D28AAAC-8892-B730-42DA-D8895A17D4A0}.Debug|Any CPU.Build.0 = Debug|Any CPU
		{6D28AAAC-8892-B730-42DA-D8895A17D4A0}.Release|Any CPU.ActiveCfg = Release|Any CPU
		{6D28AAAC-8892-B730-42DA-D8895A17D4A0}.Release|Any CPU.Build.0 = Release|Any CPU
		{6E89EB97-9CCE-81DE-880C-6246C58EFADA}.Debug|Any CPU.ActiveCfg = Debug|Any CPU
		{6E89EB97-9CCE-81DE-880C-6246C58EFADA}.Debug|Any CPU.Build.0 = Debug|Any CPU
		{6E89EB97-9CCE-81DE-880C-6246C58EFADA}.Release|Any CPU.ActiveCfg = Release|Any CPU
		{6E89EB97-9CCE-81DE-880C-6246C58EFADA}.Release|Any CPU.Build.0 = Release|Any CPU
		{18406C97-4628-CEAA-4C75-1D0CA6C84F4C}.Debug|Any CPU.ActiveCfg = Debug|Any CPU
		{18406C97-4628-CEAA-4C75-1D0CA6C84F4C}.Debug|Any CPU.Build.0 = Debug|Any CPU
		{18406C97-4628-CEAA-4C75-1D0CA6C84F4C}.Release|Any CPU.ActiveCfg = Release|Any CPU
		{18406C97-4628-CEAA-4C75-1D0CA6C84F4C}.Release|Any CPU.Build.0 = Release|Any CPU
		{C5F99DCC-576F-CC6D-CE6A-4152964C3F0E}.Debug|Any CPU.ActiveCfg = Debug|Any CPU
		{C5F99DCC-576F-CC6D-CE6A-4152964C3F0E}.Debug|Any CPU.Build.0 = Debug|Any CPU
		{C5F99DCC-576F-CC6D-CE6A-4152964C3F0E}.Release|Any CPU.ActiveCfg = Release|Any CPU
		{C5F99DCC-576F-CC6D-CE6A-4152964C3F0E}.Release|Any CPU.Build.0 = Release|Any CPU
		{AD5AF00F-C126-4C75-C51E-95F194D34E9C}.Debug|Any CPU.ActiveCfg = Debug|Any CPU
		{AD5AF00F-C126-4C75-C51E-95F194D34E9C}.Debug|Any CPU.Build.0 = Debug|Any CPU
		{AD5AF00F-C126-4C75-C51E-95F194D34E9C}.Release|Any CPU.ActiveCfg = Release|Any CPU
		{AD5AF00F-C126-4C75-C51E-95F194D34E9C}.Release|Any CPU.Build.0 = Release|Any CPU
		{81A2E56E-A187-4A98-9E4D-E7E71494A618}.Debug|Any CPU.ActiveCfg = Debug|Any CPU
		{81A2E56E-A187-4A98-9E4D-E7E71494A618}.Debug|Any CPU.Build.0 = Debug|Any CPU
		{81A2E56E-A187-4A98-9E4D-E7E71494A618}.Release|Any CPU.ActiveCfg = Release|Any CPU
		{81A2E56E-A187-4A98-9E4D-E7E71494A618}.Release|Any CPU.Build.0 = Release|Any CPU
		{7712B54A-B42B-5B96-CB4D-35B386D39A4F}.Debug|Any CPU.ActiveCfg = Debug|Any CPU
		{7712B54A-B42B-5B96-CB4D-35B386D39A4F}.Debug|Any CPU.Build.0 = Debug|Any CPU
		{7712B54A-B42B-5B96-CB4D-35B386D39A4F}.Release|Any CPU.ActiveCfg = Release|Any CPU
		{7712B54A-B42B-5B96-CB4D-35B386D39A4F}.Release|Any CPU.Build.0 = Release|Any CPU
		{AE8C4628-8954-5940-4666-42ADEB68C9B5}.Debug|Any CPU.ActiveCfg = Debug|Any CPU
		{AE8C4628-8954-5940-4666-42ADEB68C9B5}.Debug|Any CPU.Build.0 = Debug|Any CPU
		{AE8C4628-8954-5940-4666-42ADEB68C9B5}.Release|Any CPU.ActiveCfg = Release|Any CPU
		{AE8C4628-8954-5940-4666-42ADEB68C9B5}.Release|Any CPU.Build.0 = Release|Any CPU
		{78FCDBA2-8848-0FBE-DC8B-FBF1287338A5}.Debug|Any CPU.ActiveCfg = Debug|Any CPU
		{78FCDBA2-8848-0FBE-DC8B-FBF1287338A5}.Debug|Any CPU.Build.0 = Debug|Any CPU
		{78FCDBA2-8848-0FBE-DC8B-FBF1287338A5}.Release|Any CPU.ActiveCfg = Release|Any CPU
		{78FCDBA2-8848-0FBE-DC8B-FBF1287338A5}.Release|Any CPU.Build.0 = Release|Any CPU
		{3CE8F872-F9E1-0CA6-B642-8EDF309CE5BD}.Debug|Any CPU.ActiveCfg = Debug|Any CPU
		{3CE8F872-F9E1-0CA6-B642-8EDF309CE5BD}.Debug|Any CPU.Build.0 = Debug|Any CPU
		{3CE8F872-F9E1-0CA6-B642-8EDF309CE5BD}.Release|Any CPU.ActiveCfg = Release|Any CPU
		{3CE8F872-F9E1-0CA6-B642-8EDF309CE5BD}.Release|Any CPU.Build.0 = Release|Any CPU
		{5772EF8B-66A3-4E6E-44F0-553678AC1959}.Debug|Any CPU.ActiveCfg = Debug|Any CPU
		{5772EF8B-66A3-4E6E-44F0-553678AC1959}.Debug|Any CPU.Build.0 = Debug|Any CPU
		{5772EF8B-66A3-4E6E-44F0-553678AC1959}.Release|Any CPU.ActiveCfg = Release|Any CPU
		{5772EF8B-66A3-4E6E-44F0-553678AC1959}.Release|Any CPU.Build.0 = Release|Any CPU
		{F4AA0A9E-5613-2EB9-3C89-5DED2637750B}.Debug|Any CPU.ActiveCfg = Debug|Any CPU
		{F4AA0A9E-5613-2EB9-3C89-5DED2637750B}.Debug|Any CPU.Build.0 = Debug|Any CPU
		{F4AA0A9E-5613-2EB9-3C89-5DED2637750B}.Release|Any CPU.ActiveCfg = Release|Any CPU
		{F4AA0A9E-5613-2EB9-3C89-5DED2637750B}.Release|Any CPU.Build.0 = Release|Any CPU
		{9DF5DEE6-8F96-5546-8F45-40C69DB3D1C7}.Debug|Any CPU.ActiveCfg = Debug|Any CPU
		{9DF5DEE6-8F96-5546-8F45-40C69DB3D1C7}.Debug|Any CPU.Build.0 = Debug|Any CPU
		{9DF5DEE6-8F96-5546-8F45-40C69DB3D1C7}.Release|Any CPU.ActiveCfg = Release|Any CPU
		{9DF5DEE6-8F96-5546-8F45-40C69DB3D1C7}.Release|Any CPU.Build.0 = Release|Any CPU
		{1C837B30-7C9F-8FC4-D47A-77AF0382AA3B}.Debug|Any CPU.ActiveCfg = Debug|Any CPU
		{1C837B30-7C9F-8FC4-D47A-77AF0382AA3B}.Debug|Any CPU.Build.0 = Debug|Any CPU
		{1C837B30-7C9F-8FC4-D47A-77AF0382AA3B}.Release|Any CPU.ActiveCfg = Release|Any CPU
		{1C837B30-7C9F-8FC4-D47A-77AF0382AA3B}.Release|Any CPU.Build.0 = Release|Any CPU
		{4815249A-C8E7-7E4D-5521-74B4DFB2BF29}.Debug|Any CPU.ActiveCfg = Debug|Any CPU
		{4815249A-C8E7-7E4D-5521-74B4DFB2BF29}.Debug|Any CPU.Build.0 = Debug|Any CPU
		{4815249A-C8E7-7E4D-5521-74B4DFB2BF29}.Release|Any CPU.ActiveCfg = Release|Any CPU
		{4815249A-C8E7-7E4D-5521-74B4DFB2BF29}.Release|Any CPU.Build.0 = Release|Any CPU
		{9FA44C7F-C730-C3D5-2698-E02D6907118D}.Debug|Any CPU.ActiveCfg = Debug|Any CPU
		{9FA44C7F-C730-C3D5-2698-E02D6907118D}.Debug|Any CPU.Build.0 = Debug|Any CPU
		{9FA44C7F-C730-C3D5-2698-E02D6907118D}.Release|Any CPU.ActiveCfg = Release|Any CPU
		{9FA44C7F-C730-C3D5-2698-E02D6907118D}.Release|Any CPU.Build.0 = Release|Any CPU
		{6E19B5D3-7EEB-3858-2031-BDDDD677C453}.Debug|Any CPU.ActiveCfg = Debug|Any CPU
		{6E19B5D3-7EEB-3858-2031-BDDDD677C453}.Debug|Any CPU.Build.0 = Debug|Any CPU
		{6E19B5D3-7EEB-3858-2031-BDDDD677C453}.Release|Any CPU.ActiveCfg = Release|Any CPU
		{6E19B5D3-7EEB-3858-2031-BDDDD677C453}.Release|Any CPU.Build.0 = Release|Any CPU
		{94E015A1-A1F7-B323-6991-3D4A7C40F7FE}.Debug|Any CPU.ActiveCfg = Debug|Any CPU
		{94E015A1-A1F7-B323-6991-3D4A7C40F7FE}.Debug|Any CPU.Build.0 = Debug|Any CPU
		{94E015A1-A1F7-B323-6991-3D4A7C40F7FE}.Release|Any CPU.ActiveCfg = Release|Any CPU
		{94E015A1-A1F7-B323-6991-3D4A7C40F7FE}.Release|Any CPU.Build.0 = Release|Any CPU
		{BDA69C9E-D6CD-4F91-5E00-15CD5F44E228}.Debug|Any CPU.ActiveCfg = Debug|Any CPU
		{BDA69C9E-D6CD-4F91-5E00-15CD5F44E228}.Debug|Any CPU.Build.0 = Debug|Any CPU
		{BDA69C9E-D6CD-4F91-5E00-15CD5F44E228}.Release|Any CPU.ActiveCfg = Release|Any CPU
		{BDA69C9E-D6CD-4F91-5E00-15CD5F44E228}.Release|Any CPU.Build.0 = Release|Any CPU
		{4F608CD5-EB8E-4CDB-AC5C-4AD4E2F273FB}.Debug|Any CPU.ActiveCfg = Debug|Any CPU
		{4F608CD5-EB8E-4CDB-AC5C-4AD4E2F273FB}.Debug|Any CPU.Build.0 = Debug|Any CPU
		{4F608CD5-EB8E-4CDB-AC5C-4AD4E2F273FB}.Release|Any CPU.ActiveCfg = Release|Any CPU
		{4F608CD5-EB8E-4CDB-AC5C-4AD4E2F273FB}.Release|Any CPU.Build.0 = Release|Any CPU
		{F61AA22B-B917-8D46-A3C9-63783B482AB8}.Debug|Any CPU.ActiveCfg = Debug|Any CPU
		{F61AA22B-B917-8D46-A3C9-63783B482AB8}.Debug|Any CPU.Build.0 = Debug|Any CPU
		{F61AA22B-B917-8D46-A3C9-63783B482AB8}.Release|Any CPU.ActiveCfg = Release|Any CPU
		{F61AA22B-B917-8D46-A3C9-63783B482AB8}.Release|Any CPU.Build.0 = Release|Any CPU
		{98C31074-3CA5-CABF-62AB-97D1B4A80BCA}.Debug|Any CPU.ActiveCfg = Debug|Any CPU
		{98C31074-3CA5-CABF-62AB-97D1B4A80BCA}.Debug|Any CPU.Build.0 = Debug|Any CPU
		{98C31074-3CA5-CABF-62AB-97D1B4A80BCA}.Release|Any CPU.ActiveCfg = Release|Any CPU
		{98C31074-3CA5-CABF-62AB-97D1B4A80BCA}.Release|Any CPU.Build.0 = Release|Any CPU
		{48C6D084-CBCB-0204-6425-08E6E0155FC8}.Debug|Any CPU.ActiveCfg = Debug|Any CPU
		{48C6D084-CBCB-0204-6425-08E6E0155FC8}.Debug|Any CPU.Build.0 = Debug|Any CPU
		{48C6D084-CBCB-0204-6425-08E6E0155FC8}.Release|Any CPU.ActiveCfg = Release|Any CPU
		{48C6D084-CBCB-0204-6425-08E6E0155FC8}.Release|Any CPU.Build.0 = Release|Any CPU
	EndGlobalSection
	GlobalSection(SolutionProperties) = preSolution
		HideSolutionNode = FALSE
	EndGlobalSection
EndGlobal
