
Microsoft Visual Studio Solution File, Format Version 12.00
# Visual Studio 15
Project("{FAE04EC0-301F-11D3-BF4B-00C04F79EFBC}") = "AppMetrica", "AppMetrica.csproj", "{99AEC0AA-DDCA-3E25-41AB-1F5D4C4910C2}"
EndProject
Project("{FAE04EC0-301F-11D3-BF4B-00C04F79EFBC}") = "Agava.AdsAppView", "Agava.AdsAppView.csproj", "{6D28AAAC-8892-B730-42DA-D8895A17D4A0}"
EndProject
Project("{FAE04EC0-301F-11D3-BF4B-00C04F79EFBC}") = "Agava.SmsAuth", "Agava.SmsAuth.csproj", "{E3DC1CDA-70D5-F267-0B10-FB621F43FC83}"
EndProject
Project("{FAE04EC0-301F-11D3-BF4B-00C04F79EFBC}") = "LeanLocalization", "LeanLocalization.csproj", "{6C3A2EB6-D28B-0905-048C-F5C39715CFED}"
EndProject
Project("{FAE04EC0-301F-11D3-BF4B-00C04F79EFBC}") = "CW.Common", "CW.Common.csproj", "{6E89EB97-9CCE-81DE-880C-6246C58EFADA}"
EndProject
Project("{FAE04EC0-301F-11D3-BF4B-00C04F79EFBC}") = "LeanCommon", "LeanCommon.csproj", "{18406C97-4628-CEAA-4C75-1D0CA6C84F4C}"
EndProject
Project("{FAE04EC0-301F-11D3-BF4B-00C04F79EFBC}") = "Agava.SmsAuthAPI", "Agava.SmsAuthAPI.csproj", "{C5F99DCC-576F-CC6D-CE6A-4152964C3F0E}"
EndProject
Project("{FAE04EC0-301F-11D3-BF4B-00C04F79EFBC}") = "Assembly-CSharp", "Assembly-CSharp.csproj", "{81A2E56E-A187-4A98-9E4D-E7E71494A618}"
EndProject
Project("{FAE04EC0-301F-11D3-BF4B-00C04F79EFBC}") = "LeanLocalization.TMP", "LeanLocalization.TMP.csproj", "{AE8C4628-8954-5940-4666-42ADEB68C9B5}"
EndProject
Project("{FAE04EC0-301F-11D3-BF4B-00C04F79EFBC}") = "LeanLocalizationEditor", "LeanLocalizationEditor.csproj", "{78FCDBA2-8848-0FBE-DC8B-FBF1287338A5}"
EndProject
Global
	GlobalSection(SolutionConfigurationPlatforms) = preSolution
		Debug|Any CPU = Debug|Any CPU
		Release|Any CPU = Release|Any CPU
	EndGlobalSection
	GlobalSection(ProjectConfigurationPlatforms) = postSolution
		{99AEC0AA-DDCA-3E25-41AB-1F5D4C4910C2}.Debug|Any CPU.ActiveCfg = Debug|Any CPU
		{99AEC0AA-DDCA-3E25-41AB-1F5D4C4910C2}.Debug|Any CPU.Build.0 = Debug|Any CPU
		{99AEC0AA-DDCA-3E25-41AB-1F5D4C4910C2}.Release|Any CPU.ActiveCfg = Release|Any CPU
		{99AEC0AA-DDCA-3E25-41AB-1F5D4C4910C2}.Release|Any CPU.Build.0 = Release|Any CPU
		{6D28AAAC-8892-B730-42DA-D8895A17D4A0}.Debug|Any CPU.ActiveCfg = Debug|Any CPU
		{6D28AAAC-8892-B730-42DA-D8895A17D4A0}.Debug|Any CPU.Build.0 = Debug|Any CPU
		{6D28AAAC-8892-B730-42DA-D8895A17D4A0}.Release|Any CPU.ActiveCfg = Release|Any CPU
		{6D28AAAC-8892-B730-42DA-D8895A17D4A0}.Release|Any CPU.Build.0 = Release|Any CPU
		{E3DC1CDA-70D5-F267-0B10-FB621F43FC83}.Debug|Any CPU.ActiveCfg = Debug|Any CPU
		{E3DC1CDA-70D5-F267-0B10-FB621F43FC83}.Debug|Any CPU.Build.0 = Debug|Any CPU
		{E3DC1CDA-70D5-F267-0B10-FB621F43FC83}.Release|Any CPU.ActiveCfg = Release|Any CPU
		{E3DC1CDA-70D5-F267-0B10-FB621F43FC83}.Release|Any CPU.Build.0 = Release|Any CPU
		{6C3A2EB6-D28B-0905-048C-F5C39715CFED}.Debug|Any CPU.ActiveCfg = Debug|Any CPU
		{6C3A2EB6-D28B-0905-048C-F5C39715CFED}.Debug|Any CPU.Build.0 = Debug|Any CPU
		{6C3A2EB6-D28B-0905-048C-F5C39715CFED}.Release|Any CPU.ActiveCfg = Release|Any CPU
		{6C3A2EB6-D28B-0905-048C-F5C39715CFED}.Release|Any CPU.Build.0 = Release|Any CPU
		{6E89EB97-9CCE-81DE-880C-6246C58EFADA}.Debug|Any CPU.ActiveCfg = Debug|Any CPU
		{6E89EB97-9CCE-81DE-880C-6246C58EFADA}.Debug|Any CPU.Build.0 = Debug|Any CPU
		{6E89EB97-9CCE-81DE-880C-6246C58EFADA}.Release|Any CPU.ActiveCfg = Release|Any CPU
		{6E89EB97-9CCE-81DE-880C-6246C58EFADA}.Release|Any CPU.Build.0 = Release|Any CPU
		{18406C97-4628-CEAA-4C75-1D0CA6C84F4C}.Debug|Any CPU.ActiveCfg = Debug|Any CPU
		{18406C97-4628-CEAA-4C75-1D0CA6C84F4C}.Debug|Any CPU.Build.0 = Debug|Any CPU
		{18406C97-4628-CEAA-4C75-1D0CA6C84F4C}.Release|Any CPU.ActiveCfg = Release|Any CPU
		{18406C97-4628-CEAA-4C75-1D0CA6C84F4C}.Release|Any CPU.Build.0 = Release|Any CPU
		{C5F99DCC-576F-CC6D-CE6A-4152964C3F0E}.Debug|Any CPU.ActiveCfg = Debug|Any CPU
		{C5F99DCC-576F-CC6D-CE6A-4152964C3F0E}.Debug|Any CPU.Build.0 = Debug|Any CPU
		{C5F99DCC-576F-CC6D-CE6A-4152964C3F0E}.Release|Any CPU.ActiveCfg = Release|Any CPU
		{C5F99DCC-576F-CC6D-CE6A-4152964C3F0E}.Release|Any CPU.Build.0 = Release|Any CPU
		{81A2E56E-A187-4A98-9E4D-E7E71494A618}.Debug|Any CPU.ActiveCfg = Debug|Any CPU
		{81A2E56E-A187-4A98-9E4D-E7E71494A618}.Debug|Any CPU.Build.0 = Debug|Any CPU
		{81A2E56E-A187-4A98-9E4D-E7E71494A618}.Release|Any CPU.ActiveCfg = Release|Any CPU
		{81A2E56E-A187-4A98-9E4D-E7E71494A618}.Release|Any CPU.Build.0 = Release|Any CPU
		{AE8C4628-8954-5940-4666-42ADEB68C9B5}.Debug|Any CPU.ActiveCfg = Debug|Any CPU
		{AE8C4628-8954-5940-4666-42ADEB68C9B5}.Debug|Any CPU.Build.0 = Debug|Any CPU
		{AE8C4628-8954-5940-4666-42ADEB68C9B5}.Release|Any CPU.ActiveCfg = Release|Any CPU
		{AE8C4628-8954-5940-4666-42ADEB68C9B5}.Release|Any CPU.Build.0 = Release|Any CPU
		{78FCDBA2-8848-0FBE-DC8B-FBF1287338A5}.Debug|Any CPU.ActiveCfg = Debug|Any CPU
		{78FCDBA2-8848-0FBE-DC8B-FBF1287338A5}.Debug|Any CPU.Build.0 = Debug|Any CPU
		{78FCDBA2-8848-0FBE-DC8B-FBF1287338A5}.Release|Any CPU.ActiveCfg = Release|Any CPU
		{78FCDBA2-8848-0FBE-DC8B-FBF1287338A5}.Release|Any CPU.Build.0 = Release|Any CPU
	EndGlobalSection
	GlobalSection(SolutionProperties) = preSolution
		HideSolutionNode = FALSE
	EndGlobalSection
EndGlobal
